// !$*UTF8*$!
{
	archiveVersion = 1;
	classes = {
	};
	objectVersion = 56;
	objects = {

/* Begin PBXBuildFile section */
		0D68AADA2A9355CA000CD58C /* MBCore.framework in Frameworks */ = {isa = PBXBuildFile; fileRef = 0D68AAD92A9355CA000CD58C /* MBCore.framework */; };
		0DF9DAF12A933CE1002FAD3C /* AppDelegate.swift in Sources */ = {isa = PBXBuildFile; fileRef = 0DF9DAF02A933CE1002FAD3C /* AppDelegate.swift */; };
		0DF9DAF32A933CE1002FAD3C /* SceneDelegate.swift in Sources */ = {isa = PBXBuildFile; fileRef = 0DF9DAF22A933CE1002FAD3C /* SceneDelegate.swift */; };
		0DF9DAF52A933CE1002FAD3C /* ViewController.swift in Sources */ = {isa = PBXBuildFile; fileRef = 0DF9DAF42A933CE1002FAD3C /* ViewController.swift */; };
		0DF9DAF82A933CE1002FAD3C /* Main.storyboard in Resources */ = {isa = PBXBuildFile; fileRef = 0DF9DAF62A933CE1002FAD3C /* Main.storyboard */; };
		0DF9DAFA2A933CE2002FAD3C /* Assets.xcassets in Resources */ = {isa = PBXBuildFile; fileRef = 0DF9DAF92A933CE2002FAD3C /* Assets.xcassets */; };
		0DF9DAFD2A933CE2002FAD3C /* LaunchScreen.storyboard in Resources */ = {isa = PBXBuildFile; fileRef = 0DF9DAFB2A933CE2002FAD3C /* LaunchScreen.storyboard */; };
		E4CCEE668922AB9C2DE0D3E5 /* Pods_CCC.framework in Frameworks */ = {isa = PBXBuildFile; fileRef = AA98CC8CA48D767F04AB4D43 /* Pods_CCC.framework */; };
/* End PBXBuildFile section */

/* Begin PBXFileReference section */
		0D68AAD92A9355CA000CD58C /* MBCore.framework */ = {isa = PBXFileReference; explicitFileType = wrapper.framework; path = MBCore.framework; sourceTree = BUILT_PRODUCTS_DIR; };
		0DF9DAED2A933CE1002FAD3C /* CCC.app */ = {isa = PBXFileReference; explicitFileType = wrapper.application; includeInIndex = 0; path = CCC.app; sourceTree = BUILT_PRODUCTS_DIR; };
		0DF9DAF02A933CE1002FAD3C /* AppDelegate.swift */ = {isa = PBXFileReference; lastKnownFileType = sourcecode.swift; path = AppDelegate.swift; sourceTree = "<group>"; };
		0DF9DAF22A933CE1002FAD3C /* SceneDelegate.swift */ = {isa = PBXFileReference; lastKnownFileType = sourcecode.swift; path = SceneDelegate.swift; sourceTree = "<group>"; };
		0DF9DAF42A933CE1002FAD3C /* ViewController.swift */ = {isa = PBXFileReference; lastKnownFileType = sourcecode.swift; path = ViewController.swift; sourceTree = "<group>"; };
		0DF9DAF72A933CE1002FAD3C /* Base */ = {isa = PBXFileReference; lastKnownFileType = file.storyboard; name = Base; path = Base.lproj/Main.storyboard; sourceTree = "<group>"; };
		0DF9DAF92A933CE2002FAD3C /* Assets.xcassets */ = {isa = PBXFileReference; lastKnownFileType = folder.assetcatalog; path = Assets.xcassets; sourceTree = "<group>"; };
		0DF9DAFC2A933CE2002FAD3C /* Base */ = {isa = PBXFileReference; lastKnownFileType = file.storyboard; name = Base; path = Base.lproj/LaunchScreen.storyboard; sourceTree = "<group>"; };
		0DF9DAFE2A933CE2002FAD3C /* Info.plist */ = {isa = PBXFileReference; lastKnownFileType = text.plist.xml; path = Info.plist; sourceTree = "<group>"; };
		48C6F94A2C50797CDE5353A7 /* Pods-CCC.debug.xcconfig */ = {isa = PBXFileReference; includeInIndex = 1; lastKnownFileType = text.xcconfig; name = "Pods-CCC.debug.xcconfig"; path = "Target Support Files/Pods-CCC/Pods-CCC.debug.xcconfig"; sourceTree = "<group>"; };
		4F7668DC99EC7E6DF86EC1C6 /* Pods-CCC.release.xcconfig */ = {isa = PBXFileReference; includeInIndex = 1; lastKnownFileType = text.xcconfig; name = "Pods-CCC.release.xcconfig"; path = "Target Support Files/Pods-CCC/Pods-CCC.release.xcconfig"; sourceTree = "<group>"; };
		AA98CC8CA48D767F04AB4D43 /* Pods_CCC.framework */ = {isa = PBXFileReference; explicitFileType = wrapper.framework; includeInIndex = 0; path = Pods_CCC.framework; sourceTree = BUILT_PRODUCTS_DIR; };
/* End PBXFileReference section */

/* Begin PBXFrameworksBuildPhase section */
		0DF9DAEA2A933CE1002FAD3C /* Frameworks */ = {
			isa = PBXFrameworksBuildPhase;
			buildActionMask = 2147483647;
			files = (
				0D68AADA2A9355CA000CD58C /* MBCore.framework in Frameworks */,
				E4CCEE668922AB9C2DE0D3E5 /* Pods_CCC.framework in Frameworks */,
			);
			runOnlyForDeploymentPostprocessing = 0;
		};
/* End PBXFrameworksBuildPhase section */

/* Begin PBXGroup section */
		0DF9DAE42A933CE1002FAD3C = {
			isa = PBXGroup;
			children = (
				0DF9DAEF2A933CE1002FAD3C /* CCC */,
				0DF9DAEE2A933CE1002FAD3C /* Products */,
				D42D8B059E7FC5B5A01E4C77 /* Pods */,
				C86EF1ADFCF150E9F6B03A81 /* Frameworks */,
			);
			sourceTree = "<group>";
		};
		0DF9DAEE2A933CE1002FAD3C /* Products */ = {
			isa = PBXGroup;
			children = (
				0DF9DAED2A933CE1002FAD3C /* CCC.app */,
			);
			name = Products;
			sourceTree = "<group>";
		};
		0DF9DAEF2A933CE1002FAD3C /* CCC */ = {
			isa = PBXGroup;
			children = (
				0DF9DAF02A933CE1002FAD3C /* AppDelegate.swift */,
				0DF9DAF22A933CE1002FAD3C /* SceneDelegate.swift */,
				0DF9DAF42A933CE1002FAD3C /* ViewController.swift */,
				0DF9DAF62A933CE1002FAD3C /* Main.storyboard */,
				0DF9DAF92A933CE2002FAD3C /* Assets.xcassets */,
				0DF9DAFB2A933CE2002FAD3C /* LaunchScreen.storyboard */,
				0DF9DAFE2A933CE2002FAD3C /* Info.plist */,
			);
			path = CCC;
			sourceTree = "<group>";
		};
		C86EF1ADFCF150E9F6B03A81 /* Frameworks */ = {
			isa = PBXGroup;
			children = (
				0D68AAD92A9355CA000CD58C /* MBCore.framework */,
				AA98CC8CA48D767F04AB4D43 /* Pods_CCC.framework */,
			);
			name = Frameworks;
			sourceTree = "<group>";
		};
		D42D8B059E7FC5B5A01E4C77 /* Pods */ = {
			isa = PBXGroup;
			children = (
				48C6F94A2C50797CDE5353A7 /* Pods-CCC.debug.xcconfig */,
				4F7668DC99EC7E6DF86EC1C6 /* Pods-CCC.release.xcconfig */,
			);
			name = Pods;
			path = ../Pods;
			sourceTree = "<group>";
		};
/* End PBXGroup section */

/* Begin PBXNativeTarget section */
		0DF9DAEC2A933CE1002FAD3C /* CCC */ = {
			isa = PBXNativeTarget;
			buildConfigurationList = 0DF9DB012A933CE2002FAD3C /* Build configuration list for PBXNativeTarget "CCC" */;
			buildPhases = (
				339A55CADB24F5191E7EE27B /* [CP] Check Pods Manifest.lock */,
				0DF9DAE92A933CE1002FAD3C /* Sources */,
				0DF9DAEA2A933CE1002FAD3C /* Frameworks */,
				0DF9DAEB2A933CE1002FAD3C /* Resources */,
				6864916809CEFFF301494FB2 /* [CP] Embed Pods Frameworks */,
			);
			buildRules = (
			);
			dependencies = (
			);
			name = CCC;
			productName = CCC;
			productReference = 0DF9DAED2A933CE1002FAD3C /* CCC.app */;
			productType = "com.apple.product-type.application";
		};
/* End PBXNativeTarget section */

/* Begin PBXProject section */
		0DF9DAE52A933CE1002FAD3C /* Project object */ = {
			isa = PBXProject;
			attributes = {
				BuildIndependentTargetsInParallel = 1;
				LastSwiftUpdateCheck = 1430;
				LastUpgradeCheck = 1430;
				TargetAttributes = {
					0DF9DAEC2A933CE1002FAD3C = {
						CreatedOnToolsVersion = 14.3.1;
					};
				};
			};
			buildConfigurationList = 0DF9DAE82A933CE1002FAD3C /* Build configuration list for PBXProject "CCC" */;
			compatibilityVersion = "Xcode 14.0";
			developmentRegion = en;
			hasScannedForEncodings = 0;
			knownRegions = (
				en,
				Base,
			);
			mainGroup = 0DF9DAE42A933CE1002FAD3C;
			productRefGroup = 0DF9DAEE2A933CE1002FAD3C /* Products */;
			projectDirPath = "";
			projectRoot = "";
			targets = (
				0DF9DAEC2A933CE1002FAD3C /* CCC */,
			);
		};
/* End PBXProject section */

/* Begin PBXResourcesBuildPhase section */
		0DF9DAEB2A933CE1002FAD3C /* Resources */ = {
			isa = PBXResourcesBuildPhase;
			buildActionMask = 2147483647;
			files = (
				0DF9DAFD2A933CE2002FAD3C /* LaunchScreen.storyboard in Resources */,
				0DF9DAFA2A933CE2002FAD3C /* Assets.xcassets in Resources */,
				0DF9DAF82A933CE1002FAD3C /* Main.storyboard in Resources */,
			);
			runOnlyForDeploymentPostprocessing = 0;
		};
/* End PBXResourcesBuildPhase section */

/* Begin PBXShellScriptBuildPhase section */
		339A55CADB24F5191E7EE27B /* [CP] Check Pods Manifest.lock */ = {
			isa = PBXShellScriptBuildPhase;
			buildActionMask = 2147483647;
			files = (
			);
			inputFileListPaths = (
			);
			inputPaths = (
				"${PODS_PODFILE_DIR_PATH}/Podfile.lock",
				"${PODS_ROOT}/Manifest.lock",
			);
			name = "[CP] Check Pods Manifest.lock";
			outputFileListPaths = (
			);
			outputPaths = (
				"$(DERIVED_FILE_DIR)/Pods-CCC-checkManifestLockResult.txt",
			);
			runOnlyForDeploymentPostprocessing = 0;
			shellPath = /bin/sh;
			shellScript = "diff \"${PODS_PODFILE_DIR_PATH}/Podfile.lock\" \"${PODS_ROOT}/Manifest.lock\" > /dev/null\nif [ $? != 0 ] ; then\n    # print error to STDERR\n    echo \"error: The sandbox is not in sync with the Podfile.lock. Run 'pod install' or update your CocoaPods installation.\" >&2\n    exit 1\nfi\n# This output is used by Xcode 'outputs' to avoid re-running this script phase.\necho \"SUCCESS\" > \"${SCRIPT_OUTPUT_FILE_0}\"\n";
			showEnvVarsInLog = 0;
		};
		6864916809CEFFF301494FB2 /* [CP] Embed Pods Frameworks */ = {
			isa = PBXShellScriptBuildPhase;
			buildActionMask = 2147483647;
			files = (
			);
			inputFileListPaths = (
				"${PODS_ROOT}/Target Support Files/Pods-CCC/Pods-CCC-frameworks-${CONFIGURATION}-input-files.xcfilelist",
			);
			name = "[CP] Embed Pods Frameworks";
			outputFileListPaths = (
				"${PODS_ROOT}/Target Support Files/Pods-CCC/Pods-CCC-frameworks-${CONFIGURATION}-output-files.xcfilelist",
			);
			runOnlyForDeploymentPostprocessing = 0;
			shellPath = /bin/sh;
			shellScript = "\"${PODS_ROOT}/Target Support Files/Pods-CCC/Pods-CCC-frameworks.sh\"\n";
			showEnvVarsInLog = 0;
		};
/* End PBXShellScriptBuildPhase section */

/* Begin PBXSourcesBuildPhase section */
		0DF9DAE92A933CE1002FAD3C /* Sources */ = {
			isa = PBXSourcesBuildPhase;
			buildActionMask = 2147483647;
			files = (
				0DF9DAF52A933CE1002FAD3C /* ViewController.swift in Sources */,
				0DF9DAF12A933CE1002FAD3C /* AppDelegate.swift in Sources */,
				0DF9DAF32A933CE1002FAD3C /* SceneDelegate.swift in Sources */,
			);
			runOnlyForDeploymentPostprocessing = 0;
		};
/* End PBXSourcesBuildPhase section */

/* Begin PBXVariantGroup section */
		0DF9DAF62A933CE1002FAD3C /* Main.storyboard */ = {
			isa = PBXVariantGroup;
			children = (
				0DF9DAF72A933CE1002FAD3C /* Base */,
			);
			name = Main.storyboard;
			sourceTree = "<group>";
		};
		0DF9DAFB2A933CE2002FAD3C /* LaunchScreen.storyboard */ = {
			isa = PBXVariantGroup;
			children = (
				0DF9DAFC2A933CE2002FAD3C /* Base */,
			);
			name = LaunchScreen.storyboard;
			sourceTree = "<group>";
		};
/* End PBXVariantGroup section */

/* Begin XCBuildConfiguration section */
		0DF9DAFF2A933CE2002FAD3C /* Debug */ = {
			isa = XCBuildConfiguration;
			buildSettings = {
				ALWAYS_SEARCH_USER_PATHS = NO;
				CLANG_ANALYZER_NONNULL = YES;
				CLANG_ANALYZER_NUMBER_OBJECT_CONVERSION = YES_AGGRESSIVE;
				CLANG_CXX_LANGUAGE_STANDARD = "gnu++20";
				CLANG_ENABLE_MODULES = YES;
				CLANG_ENABLE_OBJC_ARC = YES;
				CLANG_ENABLE_OBJC_WEAK = YES;
				CLANG_WARN_BLOCK_CAPTURE_AUTORELEASING = YES;
				CLANG_WARN_BOOL_CONVERSION = YES;
				CLANG_WARN_COMMA = YES;
				CLANG_WARN_CONSTANT_CONVERSION = YES;
				CLANG_WARN_DEPRECATED_OBJC_IMPLEMENTATIONS = YES;
				CLANG_WARN_DIRECT_OBJC_ISA_USAGE = YES_ERROR;
				CLANG_WARN_DOCUMENTATION_COMMENTS = YES;
				CLANG_WARN_EMPTY_BODY = YES;
				CLANG_WARN_ENUM_CONVERSION = YES;
				CLANG_WARN_INFINITE_RECURSION = YES;
				CLANG_WARN_INT_CONVERSION = YES;
				CLANG_WARN_NON_LITERAL_NULL_CONVERSION = YES;
				CLANG_WARN_OBJC_IMPLICIT_RETAIN_SELF = YES;
				CLANG_WARN_OBJC_LITERAL_CONVERSION = YES;
				CLANG_WARN_OBJC_ROOT_CLASS = YES_ERROR;
				CLANG_WARN_QUOTED_INCLUDE_IN_FRAMEWORK_HEADER = YES;
				CLANG_WARN_RANGE_LOOP_ANALYSIS = YES;
				CLANG_WARN_STRICT_PROTOTYPES = YES;
				CLANG_WARN_SUSPICIOUS_MOVE = YES;
				CLANG_WARN_UNGUARDED_AVAILABILITY = YES_AGGRESSIVE;
				CLANG_WARN_UNREACHABLE_CODE = YES;
				CLANG_WARN__DUPLICATE_METHOD_MATCH = YES;
				COPY_PHASE_STRIP = NO;
				DEBUG_INFORMATION_FORMAT = dwarf;
				ENABLE_STRICT_OBJC_MSGSEND = YES;
				ENABLE_TESTABILITY = YES;
				GCC_C_LANGUAGE_STANDARD = gnu11;
				GCC_DYNAMIC_NO_PIC = NO;
				GCC_NO_COMMON_BLOCKS = YES;
				GCC_OPTIMIZATION_LEVEL = 0;
				GCC_PREPROCESSOR_DEFINITIONS = (
					"DEBUG=1",
					"$(inherited)",
				);
				GCC_WARN_64_TO_32_BIT_CONVERSION = YES;
				GCC_WARN_ABOUT_RETURN_TYPE = YES_ERROR;
				GCC_WARN_UNDECLARED_SELECTOR = YES;
				GCC_WARN_UNINITIALIZED_AUTOS = YES_AGGRESSIVE;
				GCC_WARN_UNUSED_FUNCTION = YES;
				GCC_WARN_UNUSED_VARIABLE = YES;
				IPHONEOS_DEPLOYMENT_TARGET = 16.4;
				MTL_ENABLE_DEBUG_INFO = INCLUDE_SOURCE;
				MTL_FAST_MATH = YES;
				ONLY_ACTIVE_ARCH = YES;
				SDKROOT = iphoneos;
				SWIFT_ACTIVE_COMPILATION_CONDITIONS = DEBUG;
				SWIFT_OPTIMIZATION_LEVEL = "-Onone";
			};
			name = Debug;
		};
		0DF9DB002A933CE2002FAD3C /* Release */ = {
			isa = XCBuildConfiguration;
			buildSettings = {
				ALWAYS_SEARCH_USER_PATHS = NO;
				CLANG_ANALYZER_NONNULL = YES;
				CLANG_ANALYZER_NUMBER_OBJECT_CONVERSION = YES_AGGRESSIVE;
				CLANG_CXX_LANGUAGE_STANDARD = "gnu++20";
				CLANG_ENABLE_MODULES = YES;
				CLANG_ENABLE_OBJC_ARC = YES;
				CLANG_ENABLE_OBJC_WEAK = YES;
				CLANG_WARN_BLOCK_CAPTURE_AUTORELEASING = YES;
				CLANG_WARN_BOOL_CONVERSION = YES;
				CLANG_WARN_COMMA = YES;
				CLANG_WARN_CONSTANT_CONVERSION = YES;
				CLANG_WARN_DEPRECATED_OBJC_IMPLEMENTATIONS = YES;
				CLANG_WARN_DIRECT_OBJC_ISA_USAGE = YES_ERROR;
				CLANG_WARN_DOCUMENTATION_COMMENTS = YES;
				CLANG_WARN_EMPTY_BODY = YES;
				CLANG_WARN_ENUM_CONVERSION = YES;
				CLANG_WARN_INFINITE_RECURSION = YES;
				CLANG_WARN_INT_CONVERSION = YES;
				CLANG_WARN_NON_LITERAL_NULL_CONVERSION = YES;
				CLANG_WARN_OBJC_IMPLICIT_RETAIN_SELF = YES;
				CLANG_WARN_OBJC_LITERAL_CONVERSION = YES;
				CLANG_WARN_OBJC_ROOT_CLASS = YES_ERROR;
				CLANG_WARN_QUOTED_INCLUDE_IN_FRAMEWORK_HEADER = YES;
				CLANG_WARN_RANGE_LOOP_ANALYSIS = YES;
				CLANG_WARN_STRICT_PROTOTYPES = YES;
				CLANG_WARN_SUSPICIOUS_MOVE = YES;
				CLANG_WARN_UNGUARDED_AVAILABILITY = YES_AGGRESSIVE;
				CLANG_WARN_UNREACHABLE_CODE = YES;
				CLANG_WARN__DUPLICATE_METHOD_MATCH = YES;
				COPY_PHASE_STRIP = NO;
				DEBUG_INFORMATION_FORMAT = "dwarf-with-dsym";
				ENABLE_NS_ASSERTIONS = NO;
				ENABLE_STRICT_OBJC_MSGSEND = YES;
				GCC_C_LANGUAGE_STANDARD = gnu11;
				GCC_NO_COMMON_BLOCKS = YES;
				GCC_WARN_64_TO_32_BIT_CONVERSION = YES;
				GCC_WARN_ABOUT_RETURN_TYPE = YES_ERROR;
				GCC_WARN_UNDECLARED_SELECTOR = YES;
				GCC_WARN_UNINITIALIZED_AUTOS = YES_AGGRESSIVE;
				GCC_WARN_UNUSED_FUNCTION = YES;
				GCC_WARN_UNUSED_VARIABLE = YES;
				IPHONEOS_DEPLOYMENT_TARGET = 16.4;
				MTL_ENABLE_DEBUG_INFO = NO;
				MTL_FAST_MATH = YES;
				SDKROOT = iphoneos;
				SWIFT_COMPILATION_MODE = wholemodule;
				SWIFT_OPTIMIZATION_LEVEL = "-O";
				VALIDATE_PRODUCT = YES;
			};
			name = Release;
		};
		0DF9DB022A933CE2002FAD3C /* Debug */ = {
			isa = XCBuildConfiguration;
			baseConfigurationReference = 48C6F94A2C50797CDE5353A7 /* Pods-CCC.debug.xcconfig */;
			buildSettings = {
				ASSETCATALOG_COMPILER_APPICON_NAME = AppIcon;
				ASSETCATALOG_COMPILER_GLOBAL_ACCENT_COLOR_NAME = AccentColor;
				CODE_SIGN_STYLE = Automatic;
				CURRENT_PROJECT_VERSION = 1;
				DEVELOPMENT_TEAM = HAT9655KXJ;
				GENERATE_INFOPLIST_FILE = YES;
				INFOPLIST_FILE = CCC/Info.plist;
				INFOPLIST_KEY_UIApplicationSupportsIndirectInputEvents = YES;
				INFOPLIST_KEY_UILaunchStoryboardName = LaunchScreen;
				INFOPLIST_KEY_UIMainStoryboardFile = Main;
				INFOPLIST_KEY_UISupportedInterfaceOrientations_iPad = "UIInterfaceOrientationPortrait UIInterfaceOrientationPortraitUpsideDown UIInterfaceOrientationLandscapeLeft UIInterfaceOrientationLandscapeRight";
				INFOPLIST_KEY_UISupportedInterfaceOrientations_iPhone = "UIInterfaceOrientationPortrait UIInterfaceOrientationLandscapeLeft UIInterfaceOrientationLandscapeRight";
				LD_RUNPATH_SEARCH_PATHS = (
					"$(inherited)",
					"@executable_path/Frameworks",
				);
				MARKETING_VERSION = 1.0;
				PRODUCT_BUNDLE_IDENTIFIER = tj.itservice.CCC;
				PRODUCT_NAME = "$(TARGET_NAME)";
				SWIFT_EMIT_LOC_STRINGS = YES;
				SWIFT_VERSION = 5.0;
				TARGETED_DEVICE_FAMILY = "1,2";
			};
			name = Debug;
		};
		0DF9DB032A933CE2002FAD3C /* Release */ = {
			isa = XCBuildConfiguration;
			baseConfigurationReference = 4F7668DC99EC7E6DF86EC1C6 /* Pods-CCC.release.xcconfig */;
			buildSettings = {
				ASSETCATALOG_COMPILER_APPICON_NAME = AppIcon;
				ASSETCATALOG_COMPILER_GLOBAL_ACCENT_COLOR_NAME = AccentColor;
				CODE_SIGN_STYLE = Automatic;
				CURRENT_PROJECT_VERSION = 1;
				DEVELOPMENT_TEAM = HAT9655KXJ;
				GENERATE_INFOPLIST_FILE = YES;
				INFOPLIST_FILE = CCC/Info.plist;
				INFOPLIST_KEY_UIApplicationSupportsIndirectInputEvents = YES;
				INFOPLIST_KEY_UILaunchStoryboardName = LaunchScreen;
				INFOPLIST_KEY_UIMainStoryboardFile = Main;
				INFOPLIST_KEY_UISupportedInterfaceOrientations_iPad = "UIInterfaceOrientationPortrait UIInterfaceOrientationPortraitUpsideDown UIInterfaceOrientationLandscapeLeft UIInterfaceOrientationLandscapeRight";
				INFOPLIST_KEY_UISupportedInterfaceOrientations_iPhone = "UIInterfaceOrientationPortrait UIInterfaceOrientationLandscapeLeft UIInterfaceOrientationLandscapeRight";
				LD_RUNPATH_SEARCH_PATHS = (
					"$(inherited)",
					"@executable_path/Frameworks",
				);
				MARKETING_VERSION = 1.0;
				PRODUCT_BUNDLE_IDENTIFIER = tj.itservice.CCC;
				PRODUCT_NAME = "$(TARGET_NAME)";
				SWIFT_EMIT_LOC_STRINGS = YES;
				SWIFT_VERSION = 5.0;
				TARGETED_DEVICE_FAMILY = "1,2";
			};
			name = Release;
		};
/* End XCBuildConfiguration section */

/* Begin XCConfigurationList section */
		0DF9DAE82A933CE1002FAD3C /* Build configuration list for PBXProject "CCC" */ = {
			isa = XCConfigurationList;
			buildConfigurations = (
				0DF9DAFF2A933CE2002FAD3C /* Debug */,
				0DF9DB002A933CE2002FAD3C /* Release */,
			);
			defaultConfigurationIsVisible = 0;
			defaultConfigurationName = Release;
		};
		0DF9DB012A933CE2002FAD3C /* Build configuration list for PBXNativeTarget "CCC" */ = {
			isa = XCConfigurationList;
			buildConfigurations = (
				0DF9DB022A933CE2002FAD3C /* Debug */,
				0DF9DB032A933CE2002FAD3C /* Release */,
			);
			defaultConfigurationIsVisible = 0;
			defaultConfigurationName = Release;
		};
/* End XCConfigurationList section */
	};
	rootObject = 0DF9DAE52A933CE1002FAD3C /* Project object */;
}
